<?xml version="1.0" encoding="utf-8"?>
<Project ToolsVersion="4.0" xmlns="http://schemas.microsoft.com/developer/msbuild/2003">
  <ItemGroup>
    <Filter Include="tools">
      <UniqueIdentifier>{d2790a76-ff2e-478a-b379-ca1d05c7e846}</UniqueIdentifier>
    </Filter>
    <Filter Include="test">
      <UniqueIdentifier>{fc50af80-8357-4635-9116-5ac7973e3635}</UniqueIdentifier>
    </Filter>
    <Filter Include="test\test_pyvgx_Graph">
      <UniqueIdentifier>{3ec5673a-15e0-4523-91d7-ed6dd13980a1}</UniqueIdentifier>
    </Filter>
    <Filter Include="test\test_pyvgx_Vertex">
      <UniqueIdentifier>{0a31e11e-9510-4224-8c46-1a638ec5ed7f}</UniqueIdentifier>
    </Filter>
    <Filter Include="test\test_pyvgx_Similarity">
      <UniqueIdentifier>{9894474f-5059-43da-8bd2-53cd5eb46dc5}</UniqueIdentifier>
    </Filter>
    <Filter Include="test\test_pyvgx_Vector">
      <UniqueIdentifier>{1f253f4d-3cf8-4742-9b72-9c6131e8b8a5}</UniqueIdentifier>
    </Filter>
    <Filter Include="test\test_pyvgx_Graph\Vertex">
      <UniqueIdentifier>{6f581be7-4baf-46ec-bcf0-4e217906823c}</UniqueIdentifier>
    </Filter>
    <Filter Include="test\test_pyvgx_Graph\Arc">
      <UniqueIdentifier>{e87969b6-f123-4866-a278-81021f1bfdf7}</UniqueIdentifier>
    </Filter>
    <Filter Include="test\test_pyvgx_Graph\Query">
      <UniqueIdentifier>{6be6d31e-484b-4e7b-8575-55f94333fb5b}</UniqueIdentifier>
    </Filter>
    <Filter Include="test\test_pyvgx_Graph\Management">
      <UniqueIdentifier>{d7d66feb-b196-409d-98c3-6e68851a0962}</UniqueIdentifier>
    </Filter>
    <Filter Include="test\test_pyvgx_Vertex\Access">
      <UniqueIdentifier>{f137942e-8aa8-4b91-abfa-c7b69a716ba9}</UniqueIdentifier>
    </Filter>
    <Filter Include="test\test_pyvgx_Vertex\Property">
      <UniqueIdentifier>{85327aa2-ae3a-4337-aa78-1f52b60f110c}</UniqueIdentifier>
    </Filter>
    <Filter Include="test\test_pyvgx_Vertex\Vector">
      <UniqueIdentifier>{ccf3fe0c-20b5-4592-af56-e061658234fa}</UniqueIdentifier>
    </Filter>
    <Filter Include="test\test_pyvgx_Vertex\Miscellaneous">
      <UniqueIdentifier>{3a40c1de-7f9f-42a1-aae6-13fc1b4643fa}</UniqueIdentifier>
    </Filter>
    <Filter Include="doc">
      <UniqueIdentifier>{b4bbdaf8-c4d8-4a0d-b371-aa51508abf48}</UniqueIdentifier>
    </Filter>
    <Filter Include="test\test_pyvgx_Graph\Debugging">
      <UniqueIdentifier>{8ef661ae-b938-481c-866a-95a79f102720}</UniqueIdentifier>
    </Filter>
    <Filter Include="test\test_pyvgx_Vertex\Expiration">
      <UniqueIdentifier>{1b102a7b-0d60-4dcb-a9b9-b5c6f67f3bae}</UniqueIdentifier>
    </Filter>
    <Filter Include="test\test_pyvgx_module">
      <UniqueIdentifier>{1dd2ac6d-cd2d-42d4-8e7f-312918eab562}</UniqueIdentifier>
    </Filter>
    <Filter Include="test\test_pyvgx_Graph\Graph">
      <UniqueIdentifier>{e73e3b9d-b369-4bc7-bf05-6478494ab738}</UniqueIdentifier>
    </Filter>
    <Filter Include="test\test_pyvgx_Vertex\Vertex">
      <UniqueIdentifier>{c81fea12-c132-4b18-b467-e3cd7f0ed901}</UniqueIdentifier>
    </Filter>
    <Filter Include="test\test_pyvgx_Graph\Multithreading">
      <UniqueIdentifier>{64f8bb85-1e52-49c0-81a6-5567c16f70ad}</UniqueIdentifier>
    </Filter>
    <Filter Include="test\test_pyvgx_Graph\Results">
      <UniqueIdentifier>{f729620d-afb4-43f7-a677-c95a6d20514b}</UniqueIdentifier>
    </Filter>
    <Filter Include="test\test_pyvgx_Graph\Query\data">
      <UniqueIdentifier>{227039ad-2ece-49b3-8a5e-26062d55cf4c}</UniqueIdentifier>
    </Filter>
    <Filter Include="test\test_pyvgx_Vertex\Rank">
      <UniqueIdentifier>{e0dddba2-55e7-45d3-a6e6-703a430becd1}</UniqueIdentifier>
    </Filter>
    <Filter Include="test\test_pyvgx_Vertex\Query">
      <UniqueIdentifier>{be55d592-bd33-439a-850d-26ab3bac616f}</UniqueIdentifier>
    </Filter>
    <Filter Include="test\test_pyvgx_Graph\Special">
      <UniqueIdentifier>{ea2fe5c1-8095-4583-a875-d583905c8bb5}</UniqueIdentifier>
    </Filter>
    <Filter Include="test\test_pyvgx_Graph\Evaluator">
      <UniqueIdentifier>{5dd9d440-ea41-44cf-ae9a-db62b20e27b8}</UniqueIdentifier>
    </Filter>
    <Filter Include="test\test_pyvgx_module\Module">
      <UniqueIdentifier>{3edf8f19-bf9b-4d9e-87e1-4c1c535d8d3e}</UniqueIdentifier>
    </Filter>
    <Filter Include="test\test_pyvgx_Vertex\Type">
      <UniqueIdentifier>{4c2b9425-2851-42c4-9b5b-2243617c55b3}</UniqueIdentifier>
    </Filter>
    <Filter Include="test\test_pyvgx_foundation">
      <UniqueIdentifier>{4b98da19-5d70-4f64-802b-7ecf605de72f}</UniqueIdentifier>
    </Filter>
    <Filter Include="test\test_pyvgx_foundation\lib_comlib">
      <UniqueIdentifier>{f1b9633d-6c21-49c2-92ff-d13b16538158}</UniqueIdentifier>
    </Filter>
    <Filter Include="test\test_pyvgx_foundation\lib_framehash">
      <UniqueIdentifier>{48cd4416-760b-4c28-ac6f-22b5337abcb3}</UniqueIdentifier>
    </Filter>
    <Filter Include="test\test_pyvgx_HTTPServer">
      <UniqueIdentifier>{7c44bc81-e0f6-4969-aa82-c39b25d5c7e4}</UniqueIdentifier>
    </Filter>
    <Filter Include="test\test_pyvgx_HTTPServer\Artifacts">
      <UniqueIdentifier>{3aceab52-31c4-495c-a51f-8cf35fdef3fa}</UniqueIdentifier>
    </Filter>
    <Filter Include="test\test_pyvgx_HTTPServer\Plugin">
      <UniqueIdentifier>{aa89bc7a-5542-49e6-9580-baabd8215d34}</UniqueIdentifier>
    </Filter>
    <Filter Include="test\test_pyvgx_HTTPServer\Metrics">
      <UniqueIdentifier>{95b016a7-1011-47d3-bfc4-1f9122fbde96}</UniqueIdentifier>
    </Filter>
    <Filter Include="test\test_pyvgx_HTTPServer\Performance">
      <UniqueIdentifier>{30e49363-2383-4f9b-92be-5221e51fa929}</UniqueIdentifier>
    </Filter>
    <Filter Include="test\test_pyvgx_Similarity\Similarity">
      <UniqueIdentifier>{2ab9dfb6-e870-4fb0-92a2-e4dd287d4129}</UniqueIdentifier>
    </Filter>
    <Filter Include="test\test_pyvgx_Vector\FeatureVector">
      <UniqueIdentifier>{f783492c-b686-425b-9fc1-ad98a0babb92}</UniqueIdentifier>
    </Filter>
    <Filter Include="plugins">
      <UniqueIdentifier>{2bf803ab-738b-4752-aa3e-0f0468e43562}</UniqueIdentifier>
    </Filter>
    <Filter Include="test\test_pyvgx_Vector\EuclideanVector">
      <UniqueIdentifier>{d910ffe2-0ec8-470c-8eb1-538ab3873740}</UniqueIdentifier>
    </Filter>
    <Filter Include="test\test_pyvgx_HTTPServer\Dispatch">
      <UniqueIdentifier>{667eb2ab-f402-4c32-ae65-3f862e24a006}</UniqueIdentifier>
    </Filter>
    <Filter Include="test\pyvgxtest">
      <UniqueIdentifier>{fa894952-d336-4903-af48-e98e4e48a844}</UniqueIdentifier>
    </Filter>
    <Filter Include="src">
      <UniqueIdentifier>{4FC737F1-C7A5-4376-A066-2A32D752A2FF}</UniqueIdentifier>
      <Extensions>cpp;c;cc;cxx;def;odl;idl;hpj;bat;asm;asmx</Extensions>
    </Filter>
    <Filter Include="src\query">
      <UniqueIdentifier>{2cd4d220-cb86-47f8-9511-badcd3273cc2}</UniqueIdentifier>
    </Filter>
    <Filter Include="src\py">
      <UniqueIdentifier>{8f4d4962-a0f2-4f48-bcb1-c6d64dfc470a}</UniqueIdentifier>
    </Filter>
    <Filter Include="src/include">
      <UniqueIdentifier>{93995380-89BD-4b04-88EB-625FBE52EBFB}</UniqueIdentifier>
      <Extensions>h;hh;hpp;hxx;hm;inl;inc;xsd</Extensions>
    </Filter>
    <Filter Include="src/include\generated">
      <UniqueIdentifier>{4f920511-1669-4091-b3ae-96391446983a}</UniqueIdentifier>
    </Filter>
    <Filter Include="resources">
      <UniqueIdentifier>{67DA6AB6-F800-4c08-8B7A-83BB121AAD01}</UniqueIdentifier>
      <Extensions>rc;ico;cur;bmp;dlg;rc2;rct;bin;rgs;gif;jpg;jpeg;jpe;resx;tiff;tif;png;wav;mfcribbon-ms</Extensions>
    </Filter>
    <Filter Include="resources\docs">
      <UniqueIdentifier>{15be5190-c13c-4bf0-8d34-be7778bb1aeb}</UniqueIdentifier>
    </Filter>
    <Filter Include="resources\plugins">
      <UniqueIdentifier>{01f2c2c5-b2a2-440d-ae62-d004120251c9}</UniqueIdentifier>
    </Filter>
    <Filter Include="resources\plugins\tools">
      <UniqueIdentifier>{a24ea917-23a6-4420-91a0-4decd3d1e8a8}</UniqueIdentifier>
    </Filter>
    <Filter Include="resources\plugins\py">
      <UniqueIdentifier>{625eccb2-25b9-4d86-8864-426cab36b715}</UniqueIdentifier>
    </Filter>
    <Filter Include="resources\cf">
      <UniqueIdentifier>{fbfeac4a-68c7-4198-85b7-1daab7c76e27}</UniqueIdentifier>
    </Filter>
    <Filter Include="resources\cf\sample">
      <UniqueIdentifier>{914a704e-a767-4e97-a46c-6dc275a0b582}</UniqueIdentifier>
    </Filter>
  </ItemGroup>
  <ItemGroup>
    <None Include="..\..\docs\src\pyvgx\arcDirectionConstants.adoc">
      <Filter>resources\docs</Filter>
    </None>
    <None Include="..\..\docs\src\pyvgx\arcModifierConstants.adoc">
      <Filter>resources\docs</Filter>
    </None>
    <None Include="..\..\docs\src\pyvgx\arcSpecificationSyntax.adoc">
      <Filter>resources\docs</Filter>
    </None>
    <None Include="..\..\docs\src\pyvgx\constants.adoc">
      <Filter>resources\docs</Filter>
    </None>
    <None Include="..\..\docs\src\pyvgx\exceptions.adoc">
      <Filter>resources\docs</Filter>
    </None>
    <None Include="..\..\docs\src\pyvgx\graph.adoc">
      <Filter>resources\docs</Filter>
    </None>
    <None Include="..\..\docs\src\pyvgx\graphArc.adoc">
      <Filter>resources\docs</Filter>
    </None>
    <None Include="..\..\docs\src\pyvgx\graphManagement.adoc">
      <Filter>resources\docs</Filter>
    </None>
    <None Include="..\..\docs\src\pyvgx\graphMembers.adoc">
      <Filter>resources\docs</Filter>
    </None>
    <None Include="..\..\docs\src\pyvgx\graphMiscellaneous.adoc">
      <Filter>resources\docs</Filter>
    </None>
    <None Include="..\..\docs\src\pyvgx\graphQuery.adoc">
      <Filter>resources\docs</Filter>
    </None>
    <None Include="..\..\docs\src\pyvgx\graphVertex.adoc">
      <Filter>resources\docs</Filter>
    </None>
    <None Include="..\..\docs\src\pyvgx\limits.adoc">
      <Filter>resources\docs</Filter>
    </None>
    <None Include="..\..\docs\src\pyvgx\reference.adoc">
      <Filter>resources\docs</Filter>
    </None>
    <None Include="..\..\docs\src\pyvgx\resultFieldConstants.adoc">
      <Filter>resources\docs</Filter>
    </None>
    <None Include="..\..\docs\src\pyvgx\resultListEntryConstants.adoc">
      <Filter>resources\docs</Filter>
    </None>
    <None Include="..\..\docs\src\pyvgx\similarity.adoc">
      <Filter>resources\docs</Filter>
    </None>
    <None Include="..\..\docs\src\pyvgx\similarityAsDict.adoc">
      <Filter>resources\docs</Filter>
    </None>
    <None Include="..\..\docs\src\pyvgx\similarityCosine.adoc">
      <Filter>resources\docs</Filter>
    </None>
    <None Include="..\..\docs\src\pyvgx\similarityJaccard.adoc">
      <Filter>resources\docs</Filter>
    </None>
    <None Include="..\..\docs\src\pyvgx\similarityMembers.adoc">
      <Filter>resources\docs</Filter>
    </None>
    <None Include="..\..\docs\src\pyvgx\similarityMethods.adoc">
      <Filter>resources\docs</Filter>
    </None>
    <None Include="..\..\docs\src\pyvgx\similaritySimilarity.adoc">
      <Filter>resources\docs</Filter>
    </None>
    <None Include="..\..\docs\src\pyvgx\sortSpecificationConstants.adoc">
      <Filter>resources\docs</Filter>
    </None>
    <None Include="..\..\docs\src\pyvgx\stylesheet.css">
      <Filter>resources\docs</Filter>
    </None>
    <None Include="..\..\docs\src\pyvgx\timeout.adoc">
      <Filter>resources\docs</Filter>
    </None>
    <None Include="..\..\docs\src\pyvgx\tutorial.adoc">
      <Filter>resources\docs</Filter>
    </None>
    <None Include="..\..\docs\src\pyvgx\valueConditionConstants.adoc">
      <Filter>resources\docs</Filter>
    </None>
    <None Include="..\..\docs\src\pyvgx\valueConditions.adoc">
      <Filter>resources\docs</Filter>
    </None>
    <None Include="..\..\docs\src\pyvgx\vector.adoc">
      <Filter>resources\docs</Filter>
    </None>
    <None Include="..\..\docs\src\pyvgx\vertex.adoc">
      <Filter>resources\docs</Filter>
    </None>
    <None Include="..\..\docs\src\pyvgx\vertexAccess.adoc">
      <Filter>resources\docs</Filter>
    </None>
    <None Include="..\..\docs\src\pyvgx\vertexFilter.adoc">
      <Filter>resources\docs</Filter>
    </None>
    <None Include="..\..\docs\src\pyvgx\vertexMembers.adoc">
      <Filter>resources\docs</Filter>
    </None>
    <None Include="..\..\docs\src\pyvgx\vertexMethods.adoc">
      <Filter>resources\docs</Filter>
    </None>
    <None Include="..\..\docs\src\pyvgx\vertexMiscellaneous.adoc">
      <Filter>resources\docs</Filter>
    </None>
    <None Include="..\..\docs\src\pyvgx\vertexProperty.adoc">
      <Filter>resources\docs</Filter>
    </None>
    <None Include="..\..\docs\src\pyvgx\vertexTTL.adoc">
      <Filter>resources\docs</Filter>
    </None>
    <None Include="..\..\docs\src\pyvgx\vertexVector.adoc">
      <Filter>resources\docs</Filter>
    </None>
    <None Include="..\..\docs\src\pyvgx\VGXCoreConcepts.adoc">
      <Filter>resources\docs</Filter>
    </None>
    <None Include="..\..\pyvgx\tools\putload.py">
      <Filter>tools</Filter>
    </None>
    <None Include="..\..\pyvgx\tools\threads.py">
      <Filter>tools</Filter>
    </None>
    <None Include="..\..\pyvgx\resources\plugins\py\ADMIN_Attach.py">
      <Filter>resources\plugins\py</Filter>
    </None>
    <None Include="..\..\pyvgx\resources\plugins\py\ADMIN_Bind.py">
      <Filter>resources\plugins\py</Filter>
    </None>
    <None Include="..\..\pyvgx\resources\plugins\py\ADMIN_ClearReadonly.py">
      <Filter>resources\plugins\py</Filter>
    </None>
    <None Include="..\..\pyvgx\resources\plugins\py\ADMIN_Console.py">
      <Filter>resources\plugins\py</Filter>
    </None>
    <None Include="..\..\pyvgx\resources\plugins\py\ADMIN_Detach.py">
      <Filter>resources\plugins\py</Filter>
    </None>
    <None Include="..\..\pyvgx\resources\plugins\py\ADMIN_DetachAll.py">
      <Filter>resources\plugins\py</Filter>
    </None>
    <None Include="..\..\pyvgx\resources\plugins\py\ADMIN_GetAuthToken.py">
      <Filter>resources\plugins\py</Filter>
    </None>
    <None Include="..\..\pyvgx\resources\plugins\py\ADMIN_Persist.py">
      <Filter>resources\plugins\py</Filter>
    </None>
    <None Include="..\..\pyvgx\resources\plugins\py\ADMIN_ResetMetrics.py">
      <Filter>resources\plugins\py</Filter>
    </None>
    <None Include="..\..\pyvgx\resources\plugins\py\ADMIN_ResumeEvents.py">
      <Filter>resources\plugins\py</Filter>
    </None>
    <None Include="..\..\pyvgx\resources\plugins\py\ADMIN_ResumeTxInput.py">
      <Filter>resources\plugins\py</Filter>
    </None>
    <None Include="..\..\pyvgx\resources\plugins\py\ADMIN_ResumeTxOutput.py">
      <Filter>resources\plugins\py</Filter>
    </None>
    <None Include="..\..\pyvgx\resources\plugins\py\ADMIN_ServiceIn.py">
      <Filter>resources\plugins\py</Filter>
    </None>
    <None Include="..\..\pyvgx\resources\plugins\py\ADMIN_ServiceOut.py">
      <Filter>resources\plugins\py</Filter>
    </None>
    <None Include="..\..\pyvgx\resources\plugins\py\ADMIN_SetReadonly.py">
      <Filter>resources\plugins\py</Filter>
    </None>
    <None Include="..\..\pyvgx\resources\plugins\py\ADMIN_Shutdown.py">
      <Filter>resources\plugins\py</Filter>
    </None>
    <None Include="..\..\pyvgx\resources\plugins\py\ADMIN_Subscribe.py">
      <Filter>resources\plugins\py</Filter>
    </None>
    <None Include="..\..\pyvgx\resources\plugins\py\ADMIN_SuspendEvents.py">
      <Filter>resources\plugins\py</Filter>
    </None>
    <None Include="..\..\pyvgx\resources\plugins\py\ADMIN_SuspendTxInput.py">
      <Filter>resources\plugins\py</Filter>
    </None>
    <None Include="..\..\pyvgx\resources\plugins\py\ADMIN_SuspendTxOutput.py">
      <Filter>resources\plugins\py</Filter>
    </None>
    <None Include="..\..\pyvgx\resources\plugins\py\ADMIN_Sync.py">
      <Filter>resources\plugins\py</Filter>
    </None>
    <None Include="..\..\pyvgx\resources\plugins\py\ADMIN_SystemDescriptor.py">
      <Filter>resources\plugins\py</Filter>
    </None>
    <None Include="..\..\pyvgx\resources\plugins\py\ADMIN_Truncate.py">
      <Filter>resources\plugins\py</Filter>
    </None>
    <None Include="..\..\pyvgx\resources\plugins\py\ADMIN_Unbind.py">
      <Filter>resources\plugins\py</Filter>
    </None>
    <None Include="..\..\pyvgx\resources\plugins\py\ADMIN_Unsubscribe.py">
      <Filter>resources\plugins\py</Filter>
    </None>
    <None Include="..\..\pyvgx\resources\plugins\py\ADMIN_UpdateSubscribers.py">
      <Filter>resources\plugins\py</Filter>
    </None>
    <None Include="..\..\pyvgx\resources\plugins\py\BUILTIN_arcs.py">
      <Filter>resources\plugins\py</Filter>
    </None>
    <None Include="..\..\pyvgx\resources\plugins\py\BUILTIN_connect.py">
      <Filter>resources\plugins\py</Filter>
    </None>
    <None Include="..\..\pyvgx\resources\plugins\py\BUILTIN_createvertex.py">
      <Filter>resources\plugins\py</Filter>
    </None>
    <None Include="..\..\pyvgx\resources\plugins\py\BUILTIN_deletevertex.py">
      <Filter>resources\plugins\py</Filter>
    </None>
    <None Include="..\..\pyvgx\resources\plugins\py\BUILTIN_disconnect.py">
      <Filter>resources\plugins\py</Filter>
    </None>
    <None Include="..\..\pyvgx\resources\plugins\py\BUILTIN_echo.py">
      <Filter>resources\plugins\py</Filter>
    </None>
    <None Include="..\..\pyvgx\resources\plugins\py\BUILTIN_evaluate.py">
      <Filter>resources\plugins\py</Filter>
    </None>
    <None Include="..\..\pyvgx\resources\plugins\py\BUILTIN_eventbacklog.py">
      <Filter>resources\plugins\py</Filter>
    </None>
    <None Include="..\..\pyvgx\resources\plugins\py\BUILTIN_graphinfo.py">
      <Filter>resources\plugins\py</Filter>
    </None>
    <None Include="..\..\pyvgx\resources\plugins\py\BUILTIN_init.py">
      <Filter>resources\plugins\py</Filter>
    </None>
    <None Include="..\..\pyvgx\resources\plugins\py\BUILTIN_memory.py">
      <Filter>resources\plugins\py</Filter>
    </None>
    <None Include="..\..\pyvgx\resources\plugins\py\BUILTIN_metrics.py">
      <Filter>resources\plugins\py</Filter>
    </None>
    <None Include="..\..\pyvgx\resources\plugins\py\BUILTIN_neighbor.py">
      <Filter>resources\plugins\py</Filter>
    </None>
    <None Include="..\..\pyvgx\resources\plugins\py\BUILTIN_ping.py">
      <Filter>resources\plugins\py</Filter>
    </None>
    <None Include="..\..\pyvgx\resources\plugins\py\BUILTIN_properties.py">
      <Filter>resources\plugins\py</Filter>
    </None>
    <None Include="..\..\pyvgx\resources\plugins\py\BUILTIN_system_counts.py">
      <Filter>resources\plugins\py</Filter>
    </None>
    <None Include="..\..\pyvgx\resources\plugins\py\BUILTIN_system_descriptor.py">
      <Filter>resources\plugins\py</Filter>
    </None>
    <None Include="..\..\pyvgx\resources\plugins\py\BUILTIN_system_overview.py">
      <Filter>resources\plugins\py</Filter>
    </None>
    <None Include="..\..\pyvgx\resources\plugins\py\BUILTIN_system_rates.py">
      <Filter>resources\plugins\py</Filter>
    </None>
    <None Include="..\..\pyvgx\resources\plugins\py\BUILTIN_vertex.py">
      <Filter>resources\plugins\py</Filter>
    </None>
    <None Include="..\..\pyvgx\resources\plugins\py\BUILTIN_vertices.py">
      <Filter>resources\plugins\py</Filter>
    </None>
    <None Include="..\..\pyvgx\resources\plugins\py\INTERNAL_admin.py">
      <Filter>resources\plugins\py</Filter>
    </None>
    <None Include="..\..\pyvgx\resources\plugins\py\INTERNAL_ast_validator.py">
      <Filter>resources\plugins\py</Filter>
    </None>
    <None Include="..\..\pyvgx\resources\plugins\tools\convert.cmd">
      <Filter>resources\plugins\tools</Filter>
    </None>
    <None Include="..\..\pyvgx\resources\plugins\tools\convert.py">
      <Filter>resources\plugins\tools</Filter>
    </None>
    <None Include="..\..\pyvgx\test\test_pyvgx.py">
      <Filter>test</Filter>
    </None>
    <None Include="..\..\pyvgx\test\pytest\__init__.py">
      <Filter>test\pyvgxtest</Filter>
    </None>
    <None Include="..\..\pyvgx\test\pytest\threads.py">
      <Filter>test\pyvgxtest</Filter>
    </None>
    <None Include="..\..\pyvgx\test\test_pyvgx_foundation\__init__.py">
      <Filter>test\test_pyvgx_foundation</Filter>
    </None>
    <None Include="..\..\pyvgx\test\test_pyvgx_foundation\lib_comlib\__init__.py">
      <Filter>test\test_pyvgx_foundation\lib_comlib</Filter>
    </None>
    <None Include="..\..\pyvgx\test\test_pyvgx_foundation\lib_comlib\lib_comlib.py">
      <Filter>test\test_pyvgx_foundation\lib_comlib</Filter>
    </None>
    <None Include="..\..\pyvgx\test\test_pyvgx_foundation\lib_framehash\__init__.py">
      <Filter>test\test_pyvgx_foundation\lib_framehash</Filter>
    </None>
    <None Include="..\..\pyvgx\test\test_pyvgx_foundation\lib_framehash\lib_framehash.py">
      <Filter>test\test_pyvgx_foundation\lib_framehash</Filter>
    </None>
    <None Include="..\..\pyvgx\test\test_pyvgx_Graph\__init__.py">
      <Filter>test\test_pyvgx_Graph</Filter>
    </None>
    <None Include="..\..\pyvgx\test\test_pyvgx_Graph\Arc\__init__.py">
      <Filter>test\test_pyvgx_Graph\Arc</Filter>
    </None>
    <None Include="..\..\pyvgx\test\test_pyvgx_Graph\Arc\Accumulate.py">
      <Filter>test\test_pyvgx_Graph\Arc</Filter>
    </None>
    <None Include="..\..\pyvgx\test\test_pyvgx_Graph\Arc\Connect.py">
      <Filter>test\test_pyvgx_Graph\Arc</Filter>
    </None>
    <None Include="..\..\pyvgx\test\test_pyvgx_Graph\Arc\Core.py">
      <Filter>test\test_pyvgx_Graph\Arc</Filter>
    </None>
    <None Include="..\..\pyvgx\test\test_pyvgx_Graph\Arc\Count.py">
      <Filter>test\test_pyvgx_Graph\Arc</Filter>
    </None>
    <None Include="..\..\pyvgx\test\test_pyvgx_Graph\Arc\Disconnect.py">
      <Filter>test\test_pyvgx_Graph\Arc</Filter>
    </None>
    <None Include="..\..\pyvgx\test\test_pyvgx_Graph\Debugging\__init__.py">
      <Filter>test\test_pyvgx_Graph\Debugging</Filter>
    </None>
    <None Include="..\..\pyvgx\test\test_pyvgx_Graph\Debugging\DebugCheckAllocators.py">
      <Filter>test\test_pyvgx_Graph\Debugging</Filter>
    </None>
    <None Include="..\..\pyvgx\test\test_pyvgx_Graph\Debugging\DebugFindObjectByIdentifier.py">
      <Filter>test\test_pyvgx_Graph\Debugging</Filter>
    </None>
    <None Include="..\..\pyvgx\test\test_pyvgx_Graph\Debugging\DebugGetObjectByAddress.py">
      <Filter>test\test_pyvgx_Graph\Debugging</Filter>
    </None>
    <None Include="..\..\pyvgx\test\test_pyvgx_Graph\Debugging\DebugPrintAllocators.py">
      <Filter>test\test_pyvgx_Graph\Debugging</Filter>
    </None>
    <None Include="..\..\pyvgx\test\test_pyvgx_Graph\Debugging\ShowVertex.py">
      <Filter>test\test_pyvgx_Graph\Debugging</Filter>
    </None>
    <None Include="..\..\pyvgx\test\test_pyvgx_Graph\Debugging\VertexDescriptor.py">
      <Filter>test\test_pyvgx_Graph\Debugging</Filter>
    </None>
    <None Include="..\..\pyvgx\test\test_pyvgx_Graph\Evaluator\__init__.py">
      <Filter>test\test_pyvgx_Graph\Evaluator</Filter>
    </None>
    <None Include="..\..\pyvgx\test\test_pyvgx_Graph\Evaluator\BasicEvaluator.py">
      <Filter>test\test_pyvgx_Graph\Evaluator</Filter>
    </None>
    <None Include="..\..\pyvgx\test\test_pyvgx_Graph\Evaluator\MathFunctions.py">
      <Filter>test\test_pyvgx_Graph\Evaluator</Filter>
    </None>
    <None Include="..\..\pyvgx\test\test_pyvgx_Graph\Evaluator\VectorArithmetic.py">
      <Filter>test\test_pyvgx_Graph\Evaluator</Filter>
    </None>
    <None Include="..\..\pyvgx\test\test_pyvgx_Graph\Graph\__init__.py">
      <Filter>test\test_pyvgx_Graph\Graph</Filter>
    </None>
    <None Include="..\..\pyvgx\test\test_pyvgx_Graph\Graph\GraphObject.py">
      <Filter>test\test_pyvgx_Graph\Graph</Filter>
    </None>
    <None Include="..\..\pyvgx\test\test_pyvgx_Graph\Management\__init__.py">
      <Filter>test\test_pyvgx_Graph\Management</Filter>
    </None>
    <None Include="..\..\pyvgx\test\test_pyvgx_Graph\Management\Enumerator.py">
      <Filter>test\test_pyvgx_Graph\Management</Filter>
    </None>
    <None Include="..\..\pyvgx\test\test_pyvgx_Graph\Management\EventProcessor.py">
      <Filter>test\test_pyvgx_Graph\Management</Filter>
    </None>
    <None Include="..\..\pyvgx\test\test_pyvgx_Graph\Management\GetMemoryUsage.py">
      <Filter>test\test_pyvgx_Graph\Management</Filter>
    </None>
    <None Include="..\..\pyvgx\test\test_pyvgx_Graph\Management\Lock.py">
      <Filter>test\test_pyvgx_Graph\Management</Filter>
    </None>
    <None Include="..\..\pyvgx\test\test_pyvgx_Graph\Management\Order.py">
      <Filter>test\test_pyvgx_Graph\Management</Filter>
    </None>
    <None Include="..\..\pyvgx\test\test_pyvgx_Graph\Management\PropertyKeys.py">
      <Filter>test\test_pyvgx_Graph\Management</Filter>
    </None>
    <None Include="..\..\pyvgx\test\test_pyvgx_Graph\Management\PropertyStringValues.py">
      <Filter>test\test_pyvgx_Graph\Management</Filter>
    </None>
    <None Include="..\..\pyvgx\test\test_pyvgx_Graph\Management\ReadonlyGraph.py">
      <Filter>test\test_pyvgx_Graph\Management</Filter>
    </None>
    <None Include="..\..\pyvgx\test\test_pyvgx_Graph\Management\Relationships.py">
      <Filter>test\test_pyvgx_Graph\Management</Filter>
    </None>
    <None Include="..\..\pyvgx\test\test_pyvgx_Graph\Management\Save.py">
      <Filter>test\test_pyvgx_Graph\Management</Filter>
    </None>
    <None Include="..\..\pyvgx\test\test_pyvgx_Graph\Management\Size.py">
      <Filter>test\test_pyvgx_Graph\Management</Filter>
    </None>
    <None Include="..\..\pyvgx\test\test_pyvgx_Graph\Management\Truncate.py">
      <Filter>test\test_pyvgx_Graph\Management</Filter>
    </None>
    <None Include="..\..\pyvgx\test\test_pyvgx_Graph\Management\VertexTypes.py">
      <Filter>test\test_pyvgx_Graph\Management</Filter>
    </None>
    <None Include="..\..\pyvgx\test\test_pyvgx_Graph\Multithreading\__init__.py">
      <Filter>test\test_pyvgx_Graph\Multithreading</Filter>
    </None>
    <None Include="..\..\pyvgx\test\test_pyvgx_Graph\Multithreading\Chaos.py">
      <Filter>test\test_pyvgx_Graph\Multithreading</Filter>
    </None>
    <None Include="..\..\pyvgx\test\test_pyvgx_Graph\Multithreading\ExpirationChaser.py">
      <Filter>test\test_pyvgx_Graph\Multithreading</Filter>
    </None>
    <None Include="..\..\pyvgx\test\test_pyvgx_Graph\Multithreading\ExpirationFight.py">
      <Filter>test\test_pyvgx_Graph\Multithreading</Filter>
    </None>
    <None Include="..\..\pyvgx\test\test_pyvgx_Graph\Multithreading\Parallel.py">
      <Filter>test\test_pyvgx_Graph\Multithreading</Filter>
    </None>
    <None Include="..\..\pyvgx\test\test_pyvgx_Graph\Multithreading\RandomExpiration.py">
      <Filter>test\test_pyvgx_Graph\Multithreading</Filter>
    </None>
    <None Include="..\..\pyvgx\test\test_pyvgx_Graph\Query\__init__.py">
      <Filter>test\test_pyvgx_Graph\Query</Filter>
    </None>
    <None Include="..\..\pyvgx\test\test_pyvgx_Graph\Query\_query_test_support.py">
      <Filter>test\test_pyvgx_Graph\Query</Filter>
    </None>
    <None Include="..\..\pyvgx\test\test_pyvgx_Graph\Query\Adjacent.py">
      <Filter>test\test_pyvgx_Graph\Query</Filter>
    </None>
    <None Include="..\..\pyvgx\test\test_pyvgx_Graph\Query\Aggregate.py">
      <Filter>test\test_pyvgx_Graph\Query</Filter>
    </None>
    <None Include="..\..\pyvgx\test\test_pyvgx_Graph\Query\Arcs.py">
      <Filter>test\test_pyvgx_Graph\Query</Filter>
    </None>
    <None Include="..\..\pyvgx\test\test_pyvgx_Graph\Query\ArcValue.py">
      <Filter>test\test_pyvgx_Graph\Query</Filter>
    </None>
    <None Include="..\..\pyvgx\test\test_pyvgx_Graph\Query\Degree.py">
      <Filter>test\test_pyvgx_Graph\Query</Filter>
    </None>
    <None Include="..\..\pyvgx\test\test_pyvgx_Graph\Query\DivergentTraversal.py">
      <Filter>test\test_pyvgx_Graph\Query</Filter>
    </None>
    <None Include="..\..\pyvgx\test\test_pyvgx_Graph\Query\FilterExpressions.py">
      <Filter>test\test_pyvgx_Graph\Query</Filter>
    </None>
    <None Include="..\..\pyvgx\test\test_pyvgx_Graph\Query\Geo.py">
      <Filter>test\test_pyvgx_Graph\Query</Filter>
    </None>
    <None Include="..\..\pyvgx\test\test_pyvgx_Graph\Query\GetVertex.py">
      <Filter>test\test_pyvgx_Graph\Query</Filter>
    </None>
    <None Include="..\..\pyvgx\test\test_pyvgx_Graph\Query\HasVertex.py">
      <Filter>test\test_pyvgx_Graph\Query</Filter>
    </None>
    <None Include="..\..\pyvgx\test\test_pyvgx_Graph\Query\Inarcs.py">
      <Filter>test\test_pyvgx_Graph\Query</Filter>
    </None>
    <None Include="..\..\pyvgx\test\test_pyvgx_Graph\Query\Initials.py">
      <Filter>test\test_pyvgx_Graph\Query</Filter>
    </None>
    <None Include="..\..\pyvgx\test\test_pyvgx_Graph\Query\Neighborhood.py">
      <Filter>test\test_pyvgx_Graph\Query</Filter>
    </None>
    <None Include="..\..\pyvgx\test\test_pyvgx_Graph\Query\Outarcs.py">
      <Filter>test\test_pyvgx_Graph\Query</Filter>
    </None>
    <None Include="..\..\pyvgx\test\test_pyvgx_Graph\Query\Query.py">
      <Filter>test\test_pyvgx_Graph\Query</Filter>
    </None>
    <None Include="..\..\pyvgx\test\test_pyvgx_Graph\Query\Search.py">
      <Filter>test\test_pyvgx_Graph\Query</Filter>
    </None>
    <None Include="..\..\pyvgx\test\test_pyvgx_Graph\Query\SyntheticArc.py">
      <Filter>test\test_pyvgx_Graph\Query</Filter>
    </None>
    <None Include="..\..\pyvgx\test\test_pyvgx_Graph\Query\Terminals.py">
      <Filter>test\test_pyvgx_Graph\Query</Filter>
    </None>
    <None Include="..\..\pyvgx\test\test_pyvgx_Graph\Query\Vertices.py">
      <Filter>test\test_pyvgx_Graph\Query</Filter>
    </None>
    <None Include="..\..\pyvgx\test\test_pyvgx_Graph\Query\VerticesType.py">
      <Filter>test\test_pyvgx_Graph\Query</Filter>
    </None>
    <None Include="..\..\pyvgx\test\test_pyvgx_Graph\Query\data\cities.tsv">
      <Filter>test\test_pyvgx_Graph\Query\data</Filter>
    </None>
    <None Include="..\..\pyvgx\test\test_pyvgx_Graph\Query\data\states.tsv">
      <Filter>test\test_pyvgx_Graph\Query\data</Filter>
    </None>
    <None Include="..\..\pyvgx\test\test_pyvgx_Graph\Results\__init__.py">
      <Filter>test\test_pyvgx_Graph\Results</Filter>
    </None>
    <None Include="..\..\pyvgx\test\test_pyvgx_Graph\Results\Fields.py">
      <Filter>test\test_pyvgx_Graph\Results</Filter>
    </None>
    <None Include="..\..\pyvgx\test\test_pyvgx_Graph\Results\Rank.py">
      <Filter>test\test_pyvgx_Graph\Results</Filter>
    </None>
    <None Include="..\..\pyvgx\test\test_pyvgx_Graph\Results\Select.py">
      <Filter>test\test_pyvgx_Graph\Results</Filter>
    </None>
    <None Include="..\..\pyvgx\test\test_pyvgx_Graph\Results\Sort.py">
      <Filter>test\test_pyvgx_Graph\Results</Filter>
    </None>
    <None Include="..\..\pyvgx\test\test_pyvgx_Graph\Special\__init__.py">
      <Filter>test\test_pyvgx_Graph\Special</Filter>
    </None>
    <None Include="..\..\pyvgx\test\test_pyvgx_Graph\Special\CharEncoding.py">
      <Filter>test\test_pyvgx_Graph\Special</Filter>
    </None>
    <None Include="..\..\pyvgx\test\test_pyvgx_Graph\Special\Collector.py">
      <Filter>test\test_pyvgx_Graph\Special</Filter>
    </None>
    <None Include="..\..\pyvgx\test\test_pyvgx_Graph\Special\Filter.py">
      <Filter>test\test_pyvgx_Graph\Special</Filter>
    </None>
    <None Include="..\..\pyvgx\test\test_pyvgx_Graph\Special\Limexec.py">
      <Filter>test\test_pyvgx_Graph\Special</Filter>
    </None>
    <None Include="..\..\pyvgx\test\test_pyvgx_Graph\Special\Memory.py">
      <Filter>test\test_pyvgx_Graph\Special</Filter>
    </None>
    <None Include="..\..\pyvgx\test\test_pyvgx_Graph\Special\Wildcards.py">
      <Filter>test\test_pyvgx_Graph\Special</Filter>
    </None>
    <None Include="..\..\pyvgx\test\test_pyvgx_Graph\Vertex\__init__.py">
      <Filter>test\test_pyvgx_Graph\Vertex</Filter>
    </None>
    <None Include="..\..\pyvgx\test\test_pyvgx_Graph\Vertex\_vertex_test_support.py">
      <Filter>test\test_pyvgx_Graph\Vertex</Filter>
    </None>
    <None Include="..\..\pyvgx\test\test_pyvgx_Graph\Vertex\AbortVertex.py">
      <Filter>test\test_pyvgx_Graph\Vertex</Filter>
    </None>
    <None Include="..\..\pyvgx\test\test_pyvgx_Graph\Vertex\CloseAll.py">
      <Filter>test\test_pyvgx_Graph\Vertex</Filter>
    </None>
    <None Include="..\..\pyvgx\test\test_pyvgx_Graph\Vertex\CloseVertex.py">
      <Filter>test\test_pyvgx_Graph\Vertex</Filter>
    </None>
    <None Include="..\..\pyvgx\test\test_pyvgx_Graph\Vertex\CloseVertices.py">
      <Filter>test\test_pyvgx_Graph\Vertex</Filter>
    </None>
    <None Include="..\..\pyvgx\test\test_pyvgx_Graph\Vertex\CommitVertex.py">
      <Filter>test\test_pyvgx_Graph\Vertex</Filter>
    </None>
    <None Include="..\..\pyvgx\test\test_pyvgx_Graph\Vertex\CreateVertex.py">
      <Filter>test\test_pyvgx_Graph\Vertex</Filter>
    </None>
    <None Include="..\..\pyvgx\test\test_pyvgx_Graph\Vertex\DeleteVertex.py">
      <Filter>test\test_pyvgx_Graph\Vertex</Filter>
    </None>
    <None Include="..\..\pyvgx\test\test_pyvgx_Graph\Vertex\EscalateVertex.py">
      <Filter>test\test_pyvgx_Graph\Vertex</Filter>
    </None>
    <None Include="..\..\pyvgx\test\test_pyvgx_Graph\Vertex\GetOpenVertices.py">
      <Filter>test\test_pyvgx_Graph\Vertex</Filter>
    </None>
    <None Include="..\..\pyvgx\test\test_pyvgx_Graph\Vertex\NewVertex.py">
      <Filter>test\test_pyvgx_Graph\Vertex</Filter>
    </None>
    <None Include="..\..\pyvgx\test\test_pyvgx_Graph\Vertex\OpenVertex.py">
      <Filter>test\test_pyvgx_Graph\Vertex</Filter>
    </None>
    <None Include="..\..\pyvgx\test\test_pyvgx_Graph\Vertex\OpenVertices.py">
      <Filter>test\test_pyvgx_Graph\Vertex</Filter>
    </None>
    <None Include="..\..\pyvgx\test\test_pyvgx_Graph\Vertex\RelaxVertex.py">
      <Filter>test\test_pyvgx_Graph\Vertex</Filter>
    </None>
    <None Include="..\..\pyvgx\test\test_pyvgx_Graph\Vertex\ShowOpenVertices.py">
      <Filter>test\test_pyvgx_Graph\Vertex</Filter>
    </None>
    <None Include="..\..\pyvgx\test\test_pyvgx_HTTPServer\__init__.py">
      <Filter>test\test_pyvgx_HTTPServer</Filter>
    </None>
    <None Include="..\..\pyvgx\test\test_pyvgx_HTTPServer\_http_support.py">
      <Filter>test\test_pyvgx_HTTPServer</Filter>
    </None>
    <None Include="..\..\pyvgx\test\test_pyvgx_HTTPServer\Artifacts\__init__.py">
      <Filter>test\test_pyvgx_HTTPServer\Artifacts</Filter>
    </None>
    <None Include="..\..\pyvgx\test\test_pyvgx_HTTPServer\Artifacts\HTML.py">
      <Filter>test\test_pyvgx_HTTPServer\Artifacts</Filter>
    </None>
    <None Include="..\..\pyvgx\test\test_pyvgx_HTTPServer\Artifacts\Images.py">
      <Filter>test\test_pyvgx_HTTPServer\Artifacts</Filter>
    </None>
    <None Include="..\..\pyvgx\test\test_pyvgx_HTTPServer\Artifacts\JavaScript.py">
      <Filter>test\test_pyvgx_HTTPServer\Artifacts</Filter>
    </None>
    <None Include="..\..\pyvgx\test\test_pyvgx_HTTPServer\Metrics\__init__.py">
      <Filter>test\test_pyvgx_HTTPServer\Metrics</Filter>
    </None>
    <None Include="..\..\pyvgx\test\test_pyvgx_HTTPServer\Metrics\Endpoints.py">
      <Filter>test\test_pyvgx_HTTPServer\Metrics</Filter>
    </None>
    <None Include="..\..\pyvgx\test\test_pyvgx_HTTPServer\Performance\__init__.py">
      <Filter>test\test_pyvgx_HTTPServer\Performance</Filter>
    </None>
    <None Include="..\..\pyvgx\test\test_pyvgx_HTTPServer\Performance\Load.py">
      <Filter>test\test_pyvgx_HTTPServer\Performance</Filter>
    </None>
    <None Include="..\..\pyvgx\test\test_pyvgx_HTTPServer\Plugin\__init__.py">
      <Filter>test\test_pyvgx_HTTPServer\Plugin</Filter>
    </None>
    <None Include="..\..\pyvgx\test\test_pyvgx_HTTPServer\Plugin\BuiltinADMIN.py">
      <Filter>test\test_pyvgx_HTTPServer\Plugin</Filter>
    </None>
    <None Include="..\..\pyvgx\test\test_pyvgx_HTTPServer\Plugin\BuiltinPlugin.py">
      <Filter>test\test_pyvgx_HTTPServer\Plugin</Filter>
    </None>
    <None Include="..\..\pyvgx\test\test_pyvgx_HTTPServer\Plugin\CustomPlugin.py">
      <Filter>test\test_pyvgx_HTTPServer\Plugin</Filter>
    </None>
    <None Include="..\..\pyvgx\test\test_pyvgx_HTTPServer\Plugin\JsonResponse.py">
      <Filter>test\test_pyvgx_HTTPServer\Plugin</Filter>
    </None>
    <None Include="..\..\pyvgx\test\test_pyvgx_module\__init__.py">
      <Filter>test\test_pyvgx_module</Filter>
    </None>
    <None Include="..\..\pyvgx\test\test_pyvgx_module\Module\__init__.py">
      <Filter>test\test_pyvgx_module\Module</Filter>
    </None>
    <None Include="..\..\pyvgx\test\test_pyvgx_module\Module\pyvgx_op.py">
      <Filter>test\test_pyvgx_module\Module</Filter>
    </None>
    <None Include="..\..\pyvgx\test\test_pyvgx_module\Module\pyvgx_system.py">
      <Filter>test\test_pyvgx_module\Module</Filter>
    </None>
    <None Include="..\..\pyvgx\test\test_pyvgx_module\Module\pyvgxmodule.py">
      <Filter>test\test_pyvgx_module\Module</Filter>
    </None>
    <None Include="..\..\pyvgx\test\test_pyvgx_Similarity\__init__.py">
      <Filter>test\test_pyvgx_Similarity</Filter>
    </None>
    <None Include="..\..\pyvgx\test\test_pyvgx_Similarity\Similarity\__init__.py">
      <Filter>test\test_pyvgx_Similarity\Similarity</Filter>
    </None>
    <None Include="..\..\pyvgx\test\test_pyvgx_Similarity\Similarity\Similarity.py">
      <Filter>test\test_pyvgx_Similarity\Similarity</Filter>
    </None>
    <None Include="..\..\pyvgx\test\test_pyvgx_Vector\__init__.py">
      <Filter>test\test_pyvgx_Vector</Filter>
    </None>
    <None Include="..\..\pyvgx\test\test_pyvgx_Vector\EuclideanVector\__init__.py">
      <Filter>test\test_pyvgx_Vector\EuclideanVector</Filter>
    </None>
    <None Include="..\..\pyvgx\test\test_pyvgx_Vector\EuclideanVector\EuclideanVector.py">
      <Filter>test\test_pyvgx_Vector\EuclideanVector</Filter>
    </None>
    <None Include="..\..\pyvgx\test\test_pyvgx_Vector\FeatureVector\__init__.py">
      <Filter>test\test_pyvgx_Vector\FeatureVector</Filter>
    </None>
    <None Include="..\..\pyvgx\test\test_pyvgx_Vector\FeatureVector\FeatureVector.py">
      <Filter>test\test_pyvgx_Vector\FeatureVector</Filter>
    </None>
    <None Include="..\..\pyvgx\test\test_pyvgx_Vertex\__init__.py">
      <Filter>test\test_pyvgx_Vertex</Filter>
    </None>
    <None Include="..\..\pyvgx\test\test_pyvgx_Vertex\Access\__init__.py">
      <Filter>test\test_pyvgx_Vertex\Access</Filter>
    </None>
    <None Include="..\..\pyvgx\test\test_pyvgx_Vertex\Access\Close.py">
      <Filter>test\test_pyvgx_Vertex\Access</Filter>
    </None>
    <None Include="..\..\pyvgx\test\test_pyvgx_Vertex\Access\Escalate.py">
      <Filter>test\test_pyvgx_Vertex\Access</Filter>
    </None>
    <None Include="..\..\pyvgx\test\test_pyvgx_Vertex\Access\Readable.py">
      <Filter>test\test_pyvgx_Vertex\Access</Filter>
    </None>
    <None Include="..\..\pyvgx\test\test_pyvgx_Vertex\Access\Readonly.py">
      <Filter>test\test_pyvgx_Vertex\Access</Filter>
    </None>
    <None Include="..\..\pyvgx\test\test_pyvgx_Vertex\Access\Relax.py">
      <Filter>test\test_pyvgx_Vertex\Access</Filter>
    </None>
    <None Include="..\..\pyvgx\test\test_pyvgx_Vertex\Access\Writable.py">
      <Filter>test\test_pyvgx_Vertex\Access</Filter>
    </None>
    <None Include="..\..\pyvgx\test\test_pyvgx_Vertex\Expiration\__init__.py">
      <Filter>test\test_pyvgx_Vertex\Expiration</Filter>
    </None>
    <None Include="..\..\pyvgx\test\test_pyvgx_Vertex\Expiration\ClearExpiration.py">
      <Filter>test\test_pyvgx_Vertex\Expiration</Filter>
    </None>
    <None Include="..\..\pyvgx\test\test_pyvgx_Vertex\Expiration\GetExpiration.py">
      <Filter>test\test_pyvgx_Vertex\Expiration</Filter>
    </None>
    <None Include="..\..\pyvgx\test\test_pyvgx_Vertex\Expiration\IsExpired.py">
      <Filter>test\test_pyvgx_Vertex\Expiration</Filter>
    </None>
    <None Include="..\..\pyvgx\test\test_pyvgx_Vertex\Expiration\Reschedule.py">
      <Filter>test\test_pyvgx_Vertex\Expiration</Filter>
    </None>
    <None Include="..\..\pyvgx\test\test_pyvgx_Vertex\Expiration\SetExpiration.py">
      <Filter>test\test_pyvgx_Vertex\Expiration</Filter>
    </None>
    <None Include="..\..\pyvgx\test\test_pyvgx_Vertex\Miscellaneous\__init__.py">
      <Filter>test\test_pyvgx_Vertex\Miscellaneous</Filter>
    </None>
    <None Include="..\..\pyvgx\test\test_pyvgx_Vertex\Miscellaneous\AsDict.py">
      <Filter>test\test_pyvgx_Vertex\Miscellaneous</Filter>
    </None>
    <None Include="..\..\pyvgx\test\test_pyvgx_Vertex\Miscellaneous\Commit.py">
      <Filter>test\test_pyvgx_Vertex\Miscellaneous</Filter>
    </None>
    <None Include="..\..\pyvgx\test\test_pyvgx_Vertex\Miscellaneous\Descriptor.py">
      <Filter>test\test_pyvgx_Vertex\Miscellaneous</Filter>
    </None>
    <None Include="..\..\pyvgx\test\test_pyvgx_Vertex\Miscellaneous\IsVirtual.py">
      <Filter>test\test_pyvgx_Vertex\Miscellaneous</Filter>
    </None>
    <None Include="..\..\pyvgx\test\test_pyvgx_Vertex\Property\__init__.py">
      <Filter>test\test_pyvgx_Vertex\Property</Filter>
    </None>
    <None Include="..\..\pyvgx\test\test_pyvgx_Vertex\Property\dict_items.py">
      <Filter>test\test_pyvgx_Vertex\Property</Filter>
    </None>
    <None Include="..\..\pyvgx\test\test_pyvgx_Vertex\Property\dict_keys.py">
      <Filter>test\test_pyvgx_Vertex\Property</Filter>
    </None>
    <None Include="..\..\pyvgx\test\test_pyvgx_Vertex\Property\dict_values.py">
      <Filter>test\test_pyvgx_Vertex\Property</Filter>
    </None>
    <None Include="..\..\pyvgx\test\test_pyvgx_Vertex\Property\GetProperties.py">
      <Filter>test\test_pyvgx_Vertex\Property</Filter>
    </None>
    <None Include="..\..\pyvgx\test\test_pyvgx_Vertex\Property\GetProperty.py">
      <Filter>test\test_pyvgx_Vertex\Property</Filter>
    </None>
    <None Include="..\..\pyvgx\test\test_pyvgx_Vertex\Property\HasProperties.py">
      <Filter>test\test_pyvgx_Vertex\Property</Filter>
    </None>
    <None Include="..\..\pyvgx\test\test_pyvgx_Vertex\Property\HasProperty.py">
      <Filter>test\test_pyvgx_Vertex\Property</Filter>
    </None>
    <None Include="..\..\pyvgx\test\test_pyvgx_Vertex\Property\IncProperty.py">
      <Filter>test\test_pyvgx_Vertex\Property</Filter>
    </None>
    <None Include="..\..\pyvgx\test\test_pyvgx_Vertex\Property\NumProperties.py">
      <Filter>test\test_pyvgx_Vertex\Property</Filter>
    </None>
    <None Include="..\..\pyvgx\test\test_pyvgx_Vertex\Property\RemoveProperties.py">
      <Filter>test\test_pyvgx_Vertex\Property</Filter>
    </None>
    <None Include="..\..\pyvgx\test\test_pyvgx_Vertex\Property\RemoveProperty.py">
      <Filter>test\test_pyvgx_Vertex\Property</Filter>
    </None>
    <None Include="..\..\pyvgx\test\test_pyvgx_Vertex\Property\SetProperties.py">
      <Filter>test\test_pyvgx_Vertex\Property</Filter>
    </None>
    <None Include="..\..\pyvgx\test\test_pyvgx_Vertex\Property\SetProperty.py">
      <Filter>test\test_pyvgx_Vertex\Property</Filter>
    </None>
    <None Include="..\..\pyvgx\test\test_pyvgx_Vertex\Query\__init__.py">
      <Filter>test\test_pyvgx_Vertex\Query</Filter>
    </None>
    <None Include="..\..\pyvgx\test\test_pyvgx_Vertex\Query\QueryMethods.py">
      <Filter>test\test_pyvgx_Vertex\Query</Filter>
    </None>
    <None Include="..\..\pyvgx\test\test_pyvgx_Vertex\Rank\__init__.py">
      <Filter>test\test_pyvgx_Vertex\Rank</Filter>
    </None>
    <None Include="..\..\pyvgx\test\test_pyvgx_Vertex\Rank\GetRank.py">
      <Filter>test\test_pyvgx_Vertex\Rank</Filter>
    </None>
    <None Include="..\..\pyvgx\test\test_pyvgx_Vertex\Rank\SetRank.py">
      <Filter>test\test_pyvgx_Vertex\Rank</Filter>
    </None>
    <None Include="..\..\pyvgx\test\test_pyvgx_Vertex\Type\__init__.py">
      <Filter>test\test_pyvgx_Vertex\Type</Filter>
    </None>
    <None Include="..\..\pyvgx\test\test_pyvgx_Vertex\Type\GetType.py">
      <Filter>test\test_pyvgx_Vertex\Type</Filter>
    </None>
    <None Include="..\..\pyvgx\test\test_pyvgx_Vertex\Type\GetTypeEnum.py">
      <Filter>test\test_pyvgx_Vertex\Type</Filter>
    </None>
    <None Include="..\..\pyvgx\test\test_pyvgx_Vertex\Type\SetType.py">
      <Filter>test\test_pyvgx_Vertex\Type</Filter>
    </None>
    <None Include="..\..\pyvgx\test\test_pyvgx_Vertex\Vector\__init__.py">
      <Filter>test\test_pyvgx_Vertex\Vector</Filter>
    </None>
    <None Include="..\..\pyvgx\test\test_pyvgx_Vertex\Vector\GetVector.py">
      <Filter>test\test_pyvgx_Vertex\Vector</Filter>
    </None>
    <None Include="..\..\pyvgx\test\test_pyvgx_Vertex\Vector\HasVector.py">
      <Filter>test\test_pyvgx_Vertex\Vector</Filter>
    </None>
    <None Include="..\..\pyvgx\test\test_pyvgx_Vertex\Vector\RemoveVector.py">
      <Filter>test\test_pyvgx_Vertex\Vector</Filter>
    </None>
    <None Include="..\..\pyvgx\test\test_pyvgx_Vertex\Vector\SetVector.py">
      <Filter>test\test_pyvgx_Vertex\Vector</Filter>
    </None>
    <None Include="..\..\pyvgx\test\test_pyvgx_Vertex\Vertex\__init__.py">
      <Filter>test\test_pyvgx_Vertex\Vertex</Filter>
    </None>
    <None Include="..\..\pyvgx\test\test_pyvgx_Vertex\Vertex\VertexObject.py">
      <Filter>test\test_pyvgx_Vertex\Vertex</Filter>
    </None>
    <None Include="..\..\pyvgx\resources\plugins\py\ADMIN_CancelSync.py">
      <Filter>resources\plugins\py</Filter>
    </None>
    <None Include="..\..\pyvgx\src\py\vgxadmin.cmd">
      <Filter>src\py</Filter>
    </None>
    <None Include="..\..\pyvgx\src\py\vgxadmin.py">
      <Filter>src\py</Filter>
    </None>
    <None Include="..\..\pyvgx\src\py\vgxadmin">
      <Filter>src\py</Filter>
    </None>
    <None Include="..\..\pyvgx\src\py\vgxinstance.py">
      <Filter>src\py</Filter>
    </None>
    <None Include="..\..\pyvgx\test\test_pyvgx_HTTPServer\Dispatch\__init__.py">
      <Filter>test\test_pyvgx_HTTPServer\Dispatch</Filter>
    </None>
    <None Include="..\..\pyvgx\test\test_pyvgx_HTTPServer\Dispatch\engines.py">
      <Filter>test\test_pyvgx_HTTPServer\Dispatch</Filter>
    </None>
    <None Include="..\..\pyvgx\test\test_pyvgx_HTTPServer\Dispatch\FeedPartials.py">
      <Filter>test\test_pyvgx_HTTPServer\Dispatch</Filter>
    </None>
    <None Include="..\..\pyvgx\test\test_pyvgx_HTTPServer\Dispatch\SimpleProxy.py">
      <Filter>test\test_pyvgx_HTTPServer\Dispatch</Filter>
    </None>
    <None Include="..\..\pyvgx\test\test_pyvgx_HTTPServer\Dispatch\TopDispatcher.py">
      <Filter>test\test_pyvgx_HTTPServer\Dispatch</Filter>
    </None>
    <None Include="..\..\pyvgx\resources\plugins\py\BUILTIN_matrix.py">
      <Filter>resources\plugins\py</Filter>
    </None>
    <None Include="..\..\pyvgx\resources\plugins\py\PYVGX_vgxadmin.py">
      <Filter>resources\plugins\py</Filter>
    </None>
    <None Include="..\..\pyvgx\resources\plugins\py\PYVGX_vgxinstance.py">
      <Filter>resources\plugins\py</Filter>
    </None>
    <None Include="..\..\pyvgx\resources\plugins\py\ADMIN_Throttle.py">
      <Filter>resources\plugins\py</Filter>
    </None>
    <None Include="..\..\pyvgx\src\py\__init__.py">
      <Filter>src\py</Filter>
    </None>
    <None Include="..\..\pyvgx\resources\plugins\py\ADMIN_ReloadPlugins.py">
      <Filter>resources\plugins\py</Filter>
    </None>
    <None Include="..\..\pyvgx\resources\plugins\py\ADMIN_RestartHTTP.py">
      <Filter>resources\plugins\py</Filter>
    </None>
    <None Include="..\..\pyvgx\test\test_pyvgx_Graph\Query\Cull.py">
      <Filter>test\test_pyvgx_Graph\Query</Filter>
    </None>
    <None Include="..\..\pyvgx\src\py\vgxdemoservice.py">
      <Filter>src\py</Filter>
    </None>
    <None Include="..\..\pyvgx\src\py\vgxdemoplugin.py">
      <Filter>src\py</Filter>
    </None>
    <None Include="..\..\pyvgx\src\py\vgxdemoservice.cmd">
      <Filter>src\py</Filter>
    </None>
    <None Include="..\..\pyvgx\src\py\vgxdemoservice">
      <Filter>src\py</Filter>
    </None>
    <None Include="..\..\pyvgx\resources\plugins\py\BUILTIN_matrixplugins.py">
      <Filter>resources\plugins\py</Filter>
    </None>
    <None Include="..\..\pyvgx\test\test_pyvgx_Graph\Evaluator\CoreEvaluator.py">
      <Filter>test\test_pyvgx_Graph\Evaluator</Filter>
    </None>
    <None Include="..\..\pyvgx\tools\avalanchetest.py">
      <Filter>tools</Filter>
    </None>
    <None Include="..\..\pyvgx\tools\uniformity.py">
      <Filter>tools</Filter>
    </None>
    <None Include="..\..\pyvgx\test\pyvgxtest\pyvgxtest.py">
      <Filter>test\pyvgxtest</Filter>
    </None>
    <None Include="..\..\pyvgx\resources\cf\sample\vgx.cf">
      <Filter>resources\cf\sample</Filter>
    </None>
  </ItemGroup>
  <ItemGroup>
    <Image Include="..\..\docs\src\pyvgx\graphconnect.png">
      <Filter>resources\docs</Filter>
    </Image>
    <Image Include="..\..\docs\src\pyvgx\tutorial1.png">
      <Filter>resources\docs</Filter>
    </Image>
    <Image Include="..\..\docs\src\pyvgx\tutorial2.png">
      <Filter>resources\docs</Filter>
    </Image>
    <Image Include="..\..\docs\src\pyvgx\tutorial3.png">
      <Filter>resources\docs</Filter>
    </Image>
    <Image Include="..\..\docs\src\pyvgx\tutorial4.png">
      <Filter>resources\docs</Filter>
    </Image>
    <Image Include="..\..\docs\src\pyvgx\tutorial5.png">
      <Filter>resources\docs</Filter>
    </Image>
    <Image Include="..\..\docs\src\pyvgx\tutorial6.png">
      <Filter>resources\docs</Filter>
    </Image>
    <Image Include="..\..\docs\src\pyvgx\tutorial7.png">
      <Filter>resources\docs</Filter>
    </Image>
    <Image Include="..\..\docs\src\pyvgx\ValueCondition.png">
      <Filter>resources\docs</Filter>
    </Image>
    <Image Include="..\..\docs\src\pyvgx\vgx1.png">
      <Filter>resources\docs</Filter>
    </Image>
    <Image Include="..\..\docs\src\pyvgx\vgx2.png">
      <Filter>resources\docs</Filter>
    </Image>
    <Image Include="..\..\docs\src\pyvgx\vgx3.png">
      <Filter>resources\docs</Filter>
    </Image>
    <Image Include="..\..\docs\src\pyvgx\vgx4.png">
      <Filter>resources\docs</Filter>
    </Image>
  </ItemGroup>
  <ItemGroup>
    <ClCompile Include="..\..\pyvgx\src\ipyvgx_builder.c">
      <Filter>src</Filter>
    </ClCompile>
    <ClCompile Include="..\..\pyvgx\src\ipyvgx_codec.c">
      <Filter>src</Filter>
    </ClCompile>
    <ClCompile Include="..\..\pyvgx\src\ipyvgx_parser.c">
      <Filter>src</Filter>
    </ClCompile>
    <ClCompile Include="..\..\pyvgx\src\ipyvgx_search_result.c">
      <Filter>src</Filter>
    </ClCompile>
    <ClCompile Include="..\..\pyvgx\src\pyvgx.c">
      <Filter>src</Filter>
    </ClCompile>
    <ClCompile Include="..\..\pyvgx\src\pyvgx_evalmem.c">
      <Filter>src</Filter>
    </ClCompile>
    <ClCompile Include="..\..\pyvgx\src\pyvgx_graph.c">
      <Filter>src</Filter>
    </ClCompile>
    <ClCompile Include="..\..\pyvgx\src\pyvgx_op.c">
      <Filter>src</Filter>
    </ClCompile>
    <ClCompile Include="..\..\pyvgx\src\pyvgx_persist.c">
      <Filter>src</Filter>
    </ClCompile>
    <ClCompile Include="..\..\pyvgx\src\pyvgx_plugin.c">
      <Filter>src</Filter>
    </ClCompile>
    <ClCompile Include="..\..\pyvgx\src\pyvgx_query.c">
      <Filter>src</Filter>
    </ClCompile>
    <ClCompile Include="..\..\pyvgx\src\pyvgx_sim.c">
      <Filter>src</Filter>
    </ClCompile>
    <ClCompile Include="..\..\pyvgx\src\pyvgx_system.c">
      <Filter>src</Filter>
    </ClCompile>
    <ClCompile Include="..\..\pyvgx\src\pyvgx_vector.c">
      <Filter>src</Filter>
    </ClCompile>
    <ClCompile Include="..\..\pyvgx\src\pyvgx_vertex.c">
      <Filter>src</Filter>
    </ClCompile>
    <ClCompile Include="..\..\pyvgx\src\query\pyvgx_Adjacent.c">
      <Filter>src\query</Filter>
    </ClCompile>
    <ClCompile Include="..\..\pyvgx\src\query\pyvgx_Aggregate.c">
      <Filter>src\query</Filter>
    </ClCompile>
    <ClCompile Include="..\..\pyvgx\src\query\pyvgx_ArcValue.c">
      <Filter>src\query</Filter>
    </ClCompile>
    <ClCompile Include="..\..\pyvgx\src\query\pyvgx_Degree.c">
      <Filter>src\query</Filter>
    </ClCompile>
    <ClCompile Include="..\..\pyvgx\src\query\pyvgx_Global.c">
      <Filter>src\query</Filter>
    </ClCompile>
    <ClCompile Include="..\..\pyvgx\src\query\pyvgx_neighborhood.c">
      <Filter>src\query</Filter>
    </ClCompile>
    <ClCompile Include="..\..\pyvgx\src\pyvgx_xvgxpartial.c">
      <Filter>src</Filter>
    </ClCompile>
    <ClCompile Include="..\..\pyvgx\src\pyvgx_framehash.c">
      <Filter>src</Filter>
    </ClCompile>
    <ClCompile Include="..\..\pyvgx\src\pyvgx_stringqueue.c">
      <Filter>src</Filter>
    </ClCompile>
    <ClCompile Include="..\..\pyvgx\src\query\pyvgx_OpenNeighbor.c">
      <Filter>src\query</Filter>
    </ClCompile>
  </ItemGroup>
  <ItemGroup>
    <ClInclude Include="..\..\pyvgx\src\include\_versioninfo.h">
      <Filter>src/include</Filter>
    </ClInclude>
    <ClInclude Include="..\..\pyvgx\src\include\pyvgx.h">
      <Filter>src/include</Filter>
    </ClInclude>
    <ClInclude Include="..\..\pyvgx\src\include\generated\_pyvgx_plugin_builtins.h">
      <Filter>src/include\generated</Filter>
    </ClInclude>
  </ItemGroup>
</Project>